// !$*UTF8*$!
{
	archiveVersion = 1;
	classes = {
	};
	objectVersion = 50;
	objects = {

/* Begin PBXBuildFile section */
		DFA7C0E1255DD01C004B731B /* AppDelegate.swift in Sources */ = {isa = PBXBuildFile; fileRef = DFA7C0E0255DD01C004B731B /* AppDelegate.swift */; };
		DFA7C0E3255DD01C004B731B /* SceneDelegate.swift in Sources */ = {isa = PBXBuildFile; fileRef = DFA7C0E2255DD01C004B731B /* SceneDelegate.swift */; };
		DFA7C0E5255DD01C004B731B /* MasterViewController.swift in Sources */ = {isa = PBXBuildFile; fileRef = DFA7C0E4255DD01C004B731B /* MasterViewController.swift */; };
		DFA7C0E7255DD01C004B731B /* DetailViewController.swift in Sources */ = {isa = PBXBuildFile; fileRef = DFA7C0E6255DD01C004B731B /* DetailViewController.swift */; };
		DFA7C0EA255DD01C004B731B /* Main.storyboard in Resources */ = {isa = PBXBuildFile; fileRef = DFA7C0E8255DD01C004B731B /* Main.storyboard */; };
		DFA7C0EC255DD01F004B731B /* Assets.xcassets in Resources */ = {isa = PBXBuildFile; fileRef = DFA7C0EB255DD01F004B731B /* Assets.xcassets */; };
		DFA7C0EF255DD01F004B731B /* LaunchScreen.storyboard in Resources */ = {isa = PBXBuildFile; fileRef = DFA7C0ED255DD01F004B731B /* LaunchScreen.storyboard */; };
/* End PBXBuildFile section */

/* Begin PBXFileReference section */
		DFA7C0DD255DD01C004B731B /* CSCI321_Assign5.app */ = {isa = PBXFileReference; explicitFileType = wrapper.application; includeInIndex = 0; path = CSCI321_Assign5.app; sourceTree = BUILT_PRODUCTS_DIR; };
		DFA7C0E0255DD01C004B731B /* AppDelegate.swift */ = {isa = PBXFileReference; lastKnownFileType = sourcecode.swift; path = AppDelegate.swift; sourceTree = "<group>"; };
		DFA7C0E2255DD01C004B731B /* SceneDelegate.swift */ = {isa = PBXFileReference; lastKnownFileType = sourcecode.swift; path = SceneDelegate.swift; sourceTree = "<group>"; };
		DFA7C0E4255DD01C004B731B /* MasterViewController.swift */ = {isa = PBXFileReference; lastKnownFileType = sourcecode.swift; path = MasterViewController.swift; sourceTree = "<group>"; };
		DFA7C0E6255DD01C004B731B /* DetailViewController.swift */ = {isa = PBXFileReference; lastKnownFileType = sourcecode.swift; path = DetailViewController.swift; sourceTree = "<group>"; };
		DFA7C0E9255DD01C004B731B /* Base */ = {isa = PBXFileReference; lastKnownFileType = file.storyboard; name = Base; path = Base.lproj/Main.storyboard; sourceTree = "<group>"; };
		DFA7C0EB255DD01F004B731B /* Assets.xcassets */ = {isa = PBXFileReference; lastKnownFileType = folder.assetcatalog; path = Assets.xcassets; sourceTree = "<group>"; };
		DFA7C0EE255DD01F004B731B /* Base */ = {isa = PBXFileReference; lastKnownFileType = file.storyboard; name = Base; path = Base.lproj/LaunchScreen.storyboard; sourceTree = "<group>"; };
		DFA7C0F0255DD01F004B731B /* Info.plist */ = {isa = PBXFileReference; lastKnownFileType = text.plist.xml; path = Info.plist; sourceTree = "<group>"; };
/* End PBXFileReference section */

/* Begin PBXFrameworksBuildPhase section */
		DFA7C0DA255DD01B004B731B /* Frameworks */ = {
			isa = PBXFrameworksBuildPhase;
			buildActionMask = 2147483647;
			files = (
			);
			runOnlyForDeploymentPostprocessing = 0;
		};
/* End PBXFrameworksBuildPhase section */

/* Begin PBXGroup section */
		DFA7C0D4255DD01B004B731B = {
			isa = PBXGroup;
			children = (
				DFA7C0DF255DD01C004B731B /* CSCI321_Assign5 */,
				DFA7C0DE255DD01C004B731B /* Products */,
			);
			sourceTree = "<group>";
		};
		DFA7C0DE255DD01C004B731B /* Products */ = {
			isa = PBXGroup;
			children = (
				DFA7C0DD255DD01C004B731B /* CSCI321_Assign5.app */,
			);
			name = Products;
			sourceTree = "<group>";
		};
		DFA7C0DF255DD01C004B731B /* CSCI321_Assign5 */ = {
			isa = PBXGroup;
			children = (
				DFA7C0E0255DD01C004B731B /* AppDelegate.swift */,
				DFA7C0E2255DD01C004B731B /* SceneDelegate.swift */,
				DFA7C0E4255DD01C004B731B /* MasterViewController.swift */,
				DFA7C0E6255DD01C004B731B /* DetailViewController.swift */,
				DFA7C0E8255DD01C004B731B /* Main.storyboard */,
				DFA7C0EB255DD01F004B731B /* Assets.xcassets */,
				DFA7C0ED255DD01F004B731B /* LaunchScreen.storyboard */,
				DFA7C0F0255DD01F004B731B /* Info.plist */,
			);
			path = CSCI321_Assign5;
			sourceTree = "<group>";
		};
/* End PBXGroup section */

/* Begin PBXNativeTarget section */
		DFA7C0DC255DD01B004B731B /* CSCI321_Assign5 */ = {
			isa = PBXNativeTarget;
			buildConfigurationList = DFA7C0F3255DD01F004B731B /* Build configuration list for PBXNativeTarget "CSCI321_Assign5" */;
			buildPhases = (
				DFA7C0D9255DD01B004B731B /* Sources */,
				DFA7C0DA255DD01B004B731B /* Frameworks */,
				DFA7C0DB255DD01B004B731B /* Resources */,
			);
			buildRules = (
			);
			dependencies = (
			);
			name = CSCI321_Assign5;
			productName = CSCI321_Assign5;
			productReference = DFA7C0DD255DD01C004B731B /* CSCI321_Assign5.app */;
			productType = "com.apple.product-type.application";
		};
/* End PBXNativeTarget section */

/* Begin PBXProject section */
		DFA7C0D5255DD01B004B731B /* Project object */ = {
			isa = PBXProject;
			attributes = {
				LastSwiftUpdateCheck = 1160;
				LastUpgradeCheck = 1160;
				ORGANIZATIONNAME = "Rut Codes";
				TargetAttributes = {
					DFA7C0DC255DD01B004B731B = {
						CreatedOnToolsVersion = 11.6;
					};
				};
			};
			buildConfigurationList = DFA7C0D8255DD01B004B731B /* Build configuration list for PBXProject "CSCI321_Assign5" */;
			compatibilityVersion = "Xcode 9.3";
			developmentRegion = en;
			hasScannedForEncodings = 0;
			knownRegions = (
				en,
				Base,
			);
			mainGroup = DFA7C0D4255DD01B004B731B;
			productRefGroup = DFA7C0DE255DD01C004B731B /* Products */;
			projectDirPath = "";
			projectRoot = "";
			targets = (
				DFA7C0DC255DD01B004B731B /* CSCI321_Assign5 */,
			);
		};
/* End PBXProject section */

/* Begin PBXResourcesBuildPhase section */
		DFA7C0DB255DD01B004B731B /* Resources */ = {
			isa = PBXResourcesBuildPhase;
			buildActionMask = 2147483647;
			files = (
				DFA7C0EF255DD01F004B731B /* LaunchScreen.storyboard in Resources */,
				DFA7C0EC255DD01F004B731B /* Assets.xcassets in Resources */,
				DFA7C0EA255DD01C004B731B /* Main.storyboard in Resources */,
			);
			runOnlyForDeploymentPostprocessing = 0;
		};
/* End PBXResourcesBuildPhase section */

/* Begin PBXSourcesBuildPhase section */
		DFA7C0D9255DD01B004B731B /* Sources */ = {
			isa = PBXSourcesBuildPhase;
			buildActionMask = 2147483647;
			files = (
				DFA7C0E1255DD01C004B731B /* AppDelegate.swift in Sources */,
				DFA7C0E3255DD01C004B731B /* SceneDelegate.swift in Sources */,
				DFA7C0E5255DD01C004B731B /* MasterViewController.swift in Sources */,
				DFA7C0E7255DD01C004B731B /* DetailViewController.swift in Sources */,
			);
			runOnlyForDeploymentPostprocessing = 0;
		};
/* End PBXSourcesBuildPhase section */

/* Begin PBXVariantGroup section */
		DFA7C0E8255DD01C004B731B /* Main.storyboard */ = {
			isa = PBXVariantGroup;
			children = (
				DFA7C0E9255DD01C004B731B /* Base */,
			);
			name = Main.storyboard;
			sourceTree = "<group>";
		};
		DFA7C0ED255DD01F004B731B /* LaunchScreen.storyboard */ = {
			isa = PBXVariantGroup;
			children = (
				DFA7C0EE255DD01F004B731B /* Base */,
			);
			name = LaunchScreen.storyboard;
			sourceTree = "<group>";
		};
/* End PBXVariantGroup section */

/* Begin XCBuildConfiguration section */
		DFA7C0F1255DD01F004B731B /* Debug */ = {
			isa = XCBuildConfiguration;
			buildSettings = {
				ALWAYS_SEARCH_USER_PATHS = NO;
				CLANG_ANALYZER_NONNULL = YES;
				CLANG_ANALYZER_NUMBER_OBJECT_CONVERSION = YES_AGGRESSIVE;
				CLANG_CXX_LANGUAGE_STANDARD = "gnu++14";
				CLANG_CXX_LIBRARY = "libc++";
				CLANG_ENABLE_MODULES = YES;
				CLANG_ENABLE_OBJC_ARC = YES;
				CLANG_ENABLE_OBJC_WEAK = YES;
				CLANG_WARN_BLOCK_CAPTURE_AUTORELEASING = YES;
				CLANG_WARN_BOOL_CONVERSION = YES;
				CLANG_WARN_COMMA = YES;
				CLANG_WARN_CONSTANT_CONVERSION = YES;
				CLANG_WARN_DEPRECATED_OBJC_IMPLEMENTATIONS = YES;
				CLANG_WARN_DIRECT_OBJC_ISA_USAGE = YES_ERROR;
				CLANG_WARN_DOCUMENTATION_COMMENTS = YES;
				CLANG_WARN_EMPTY_BODY = YES;
				CLANG_WARN_ENUM_CONVERSION = YES;
				CLANG_WARN_INFINITE_RECURSION = YES;
				CLANG_WARN_INT_CONVERSION = YES;
				CLANG_WARN_NON_LITERAL_NULL_CONVERSION = YES;
				CLANG_WARN_OBJC_IMPLICIT_RETAIN_SELF = YES;
				CLANG_WARN_OBJC_LITERAL_CONVERSION = YES;
				CLANG_WARN_OBJC_ROOT_CLASS = YES_ERROR;
				CLANG_WARN_RANGE_LOOP_ANALYSIS = YES;
				CLANG_WARN_STRICT_PROTOTYPES = YES;
				CLANG_WARN_SUSPICIOUS_MOVE = YES;
				CLANG_WARN_UNGUARDED_AVAILABILITY = YES_AGGRESSIVE;
				CLANG_WARN_UNREACHABLE_CODE = YES;
				CLANG_WARN__DUPLICATE_METHOD_MATCH = YES;
				COPY_PHASE_STRIP = NO;
				DEBUG_INFORMATION_FORMAT = dwarf;
				ENABLE_STRICT_OBJC_MSGSEND = YES;
				ENABLE_TESTABILITY = YES;
				GCC_C_LANGUAGE_STANDARD = gnu11;
				GCC_DYNAMIC_NO_PIC = NO;
				GCC_NO_COMMON_BLOCKS = YES;
				GCC_OPTIMIZATION_LEVEL = 0;
				GCC_PREPROCESSOR_DEFINITIONS = (
					"DEBUG=1",
					"$(inherited)",
				);
				GCC_WARN_64_TO_32_BIT_CONVERSION = YES;
				GCC_WARN_ABOUT_RETURN_TYPE = YES_ERROR;
				GCC_WARN_UNDECLARED_SELECTOR = YES;
				GCC_WARN_UNINITIALIZED_AUTOS = YES_AGGRESSIVE;
				GCC_WARN_UNUSED_FUNCTION = YES;
				GCC_WARN_UNUSED_VARIABLE = YES;
				IPHONEOS_DEPLOYMENT_TARGET = 13.6;
				MTL_ENABLE_DEBUG_INFO = INCLUDE_SOURCE;
				MTL_FAST_MATH = YES;
				ONLY_ACTIVE_ARCH = YES;
				SDKROOT = iphoneos;
				SWIFT_ACTIVE_COMPILATION_CONDITIONS = DEBUG;
				SWIFT_OPTIMIZATION_LEVEL = "-Onone";
			};
			name = Debug;
		};
		DFA7C0F2255DD01F004B731B /* Release */ = {
			isa = XCBuildConfiguration;
			buildSettings = {
				ALWAYS_SEARCH_USER_PATHS = NO;
				CLANG_ANALYZER_NONNULL = YES;
				CLANG_ANALYZER_NUMBER_OBJECT_CONVERSION = YES_AGGRESSIVE;
				CLANG_CXX_LANGUAGE_STANDARD = "gnu++14";
				CLANG_CXX_LIBRARY = "libc++";
				CLANG_ENABLE_MODULES = YES;
				CLANG_ENABLE_OBJC_ARC = YES;
				CLANG_ENABLE_OBJC_WEAK = YES;
				CLANG_WARN_BLOCK_CAPTURE_AUTORELEASING = YES;
				CLANG_WARN_BOOL_CONVERSION = YES;
				CLANG_WARN_COMMA = YES;
				CLANG_WARN_CONSTANT_CONVERSION = YES;
				CLANG_WARN_DEPRECATED_OBJC_IMPLEMENTATIONS = YES;
				CLANG_WARN_DIRECT_OBJC_ISA_USAGE = YES_ERROR;
				CLANG_WARN_DOCUMENTATION_COMMENTS = YES;
				CLANG_WARN_EMPTY_BODY = YES;
				CLANG_WARN_ENUM_CONVERSION = YES;
				CLANG_WARN_INFINITE_RECURSION = YES;
				CLANG_WARN_INT_CONVERSION = YES;
				CLANG_WARN_NON_LITERAL_NULL_CONVERSION = YES;
				CLANG_WARN_OBJC_IMPLICIT_RETAIN_SELF = YES;
				CLANG_WARN_OBJC_LITERAL_CONVERSION = YES;
				CLANG_WARN_OBJC_ROOT_CLASS = YES_ERROR;
				CLANG_WARN_RANGE_LOOP_ANALYSIS = YES;
				CLANG_WARN_STRICT_PROTOTYPES = YES;
				CLANG_WARN_SUSPICIOUS_MOVE = YES;
				CLANG_WARN_UNGUARDED_AVAILABILITY = YES_AGGRESSIVE;
				CLANG_WARN_UNREACHABLE_CODE = YES;
				CLANG_WARN__DUPLICATE_METHOD_MATCH = YES;
				COPY_PHASE_STRIP = NO;
				DEBUG_INFORMATION_FORMAT = "dwarf-with-dsym";
				ENABLE_NS_ASSERTIONS = NO;
				ENABLE_STRICT_OBJC_MSGSEND = YES;
				GCC_C_LANGUAGE_STANDARD = gnu11;
				GCC_NO_COMMON_BLOCKS = YES;
				GCC_WARN_64_TO_32_BIT_CONVERSION = YES;
				GCC_WARN_ABOUT_RETURN_TYPE = YES_ERROR;
				GCC_WARN_UNDECLARED_SELECTOR = YES;
				GCC_WARN_UNINITIALIZED_AUTOS = YES_AGGRESSIVE;
				GCC_WARN_UNUSED_FUNCTION = YES;
				GCC_WARN_UNUSED_VARIABLE = YES;
				IPHONEOS_DEPLOYMENT_TARGET = 13.6;
				MTL_ENABLE_DEBUG_INFO = NO;
				MTL_FAST_MATH = YES;
				SDKROOT = iphoneos;
				SWIFT_COMPILATION_MODE = wholemodule;
				SWIFT_OPTIMIZATION_LEVEL = "-O";
				VALIDATE_PRODUCT = YES;
			};
			name = Release;
		};
		DFA7C0F4255DD01F004B731B /* Debug */ = {
			isa = XCBuildConfiguration;
			buildSettings = {
				ASSETCATALOG_COMPILER_APPICON_NAME = AppIcon;
				CODE_SIGN_STYLE = Automatic;
				DEVELOPMENT_TEAM = HMN7EBMQ9Q;
				INFOPLIST_FILE = CSCI321_Assign5/Info.plist;
				LD_RUNPATH_SEARCH_PATHS = (
					"$(inherited)",
					"@executable_path/Frameworks",
				);
				PRODUCT_BUNDLE_IDENTIFIER = "rut.codes.503.CSCI321-Assign5";
				PRODUCT_NAME = "$(TARGET_NAME)";
				SWIFT_VERSION = 5.0;
				TARGETED_DEVICE_FAMILY = "1,2";
			};
			name = Debug;
		};
		DFA7C0F5255DD01F004B731B /* Release */ = {
			isa = XCBuildConfiguration;
			buildSettings = {
				ASSETCATALOG_COMPILER_APPICON_NAME = AppIcon;
				CODE_SIGN_STYLE = Automatic;
				DEVELOPMENT_TEAM = HMN7EBMQ9Q;
				INFOPLIST_FILE = CSCI321_Assign5/Info.plist;
				LD_RUNPATH_SEARCH_PATHS = (
					"$(inherited)",
					"@executable_path/Frameworks",
				);
				PRODUCT_BUNDLE_IDENTIFIER = "rut.codes.503.CSCI321-Assign5";
				PRODUCT_NAME = "$(TARGET_NAME)";
				SWIFT_VERSION = 5.0;
				TARGETED_DEVICE_FAMILY = "1,2";
			};
			name = Release;
		};
/* End XCBuildConfiguration section */

/* Begin XCConfigurationList section */
		DFA7C0D8255DD01B004B731B /* Build configuration list for PBXProject "CSCI321_Assign5" */ = {
			isa = XCConfigurationList;
			buildConfigurations = (
				DFA7C0F1255DD01F004B731B /* Debug */,
				DFA7C0F2255DD01F004B731B /* Release */,
			);
			defaultConfigurationIsVisible = 0;
			defaultConfigurationName = Release;
		};
		DFA7C0F3255DD01F004B731B /* Build configuration list for PBXNativeTarget "CSCI321_Assign5" */ = {
			isa = XCConfigurationList;
			buildConfigurations = (
				DFA7C0F4255DD01F004B731B /* Debug */,
				DFA7C0F5255DD01F004B731B /* Release */,
			);
			defaultConfigurationIsVisible = 0;
			defaultConfigurationName = Release;
		};
/* End XCConfigurationList section */
	};
	rootObject = DFA7C0D5255DD01B004B731B /* Project object */;
}
